
Microsoft Visual Studio Solution File, Format Version 12.00
# Visual Studio 15
VisualStudioVersion = 15.0.27428.2002
MinimumVisualStudioVersion = 10.0.40219.1
Project("{FAE04EC0-301F-11D3-BF4B-00C04F79EFBC}") = "shanon_fano", "shanon_fano\shanon_fano.csproj", "{3BDB675C-3F01-4D58-A222-A34CFF7EEA2C}"
EndProject
Global
	GlobalSection(SolutionConfigurationPlatforms) = preSolution
		Debug|Any CPU = Debug|Any CPU
		Release|Any CPU = Release|Any CPU
	EndGlobalSection
	GlobalSection(ProjectConfigurationPlatforms) = postSolution
		{3BDB675C-3F01-4D58-A222-A34CFF7EEA2C}.Debug|Any CPU.ActiveCfg = Debug|Any CPU
		{3BDB675C-3F01-4D58-A222-A34CFF7EEA2C}.Debug|Any CPU.Build.0 = Debug|Any CPU
		{3BDB675C-3F01-4D58-A222-A34CFF7EEA2C}.Release|Any CPU.ActiveCfg = Release|Any CPU
		{3BDB675C-3F01-4D58-A222-A34CFF7EEA2C}.Release|Any CPU.Build.0 = Release|Any CPU
	EndGlobalSection
	GlobalSection(SolutionProperties) = preSolution
		HideSolutionNode = FALSE
	EndGlobalSection
	GlobalSection(ExtensibilityGlobals) = postSolution
		SolutionGuid = {CE735CAE-ED73-4625-924E-1C261F51BCB8}
	EndGlobalSection
EndGlobal
